
Microsoft Visual Studio Solution File, Format Version 12.00
# Visual Studio 15
VisualStudioVersion = 15.0.26124.0
MinimumVisualStudioVersion = 15.0.26124.0
Project("{FAE04EC0-301F-11D3-BF4B-00C04F79EFBC}") = "OverwatchCore", "OverwatchCore\OverwatchCore.csproj", "{CA0FD757-67B7-4857-8720-F91DBDFE51D5}"
EndProject
Project("{FAE04EC0-301F-11D3-BF4B-00C04F79EFBC}") = "OverwatchCore.Tests", "OverwatchCore.Tests\OverwatchCore.Tests.csproj", "{FE21A940-DE87-4536-96BA-400E2FF6A495}"
EndProject
Global
	GlobalSection(SolutionConfigurationPlatforms) = preSolution
		Debug|Any CPU = Debug|Any CPU
		Debug|x64 = Debug|x64
		Debug|x86 = Debug|x86
		Release|Any CPU = Release|Any CPU
		Release|x64 = Release|x64
		Release|x86 = Release|x86
	EndGlobalSection
	GlobalSection(SolutionProperties) = preSolution
		HideSolutionNode = FALSE
	EndGlobalSection
	GlobalSection(ProjectConfigurationPlatforms) = postSolution
		{CA0FD757-67B7-4857-8720-F91DBDFE51D5}.Debug|Any CPU.ActiveCfg = Debug|Any CPU
		{CA0FD757-67B7-4857-8720-F91DBDFE51D5}.Debug|Any CPU.Build.0 = Debug|Any CPU
		{CA0FD757-67B7-4857-8720-F91DBDFE51D5}.Debug|x64.ActiveCfg = Debug|Any CPU
		{CA0FD757-67B7-4857-8720-F91DBDFE51D5}.Debug|x64.Build.0 = Debug|Any CPU
		{CA0FD757-67B7-4857-8720-F91DBDFE51D5}.Debug|x86.ActiveCfg = Debug|Any CPU
		{CA0FD757-67B7-4857-8720-F91DBDFE51D5}.Debug|x86.Build.0 = Debug|Any CPU
		{CA0FD757-67B7-4857-8720-F91DBDFE51D5}.Release|Any CPU.ActiveCfg = Release|Any CPU
		{CA0FD757-67B7-4857-8720-F91DBDFE51D5}.Release|Any CPU.Build.0 = Release|Any CPU
		{CA0FD757-67B7-4857-8720-F91DBDFE51D5}.Release|x64.ActiveCfg = Release|Any CPU
		{CA0FD757-67B7-4857-8720-F91DBDFE51D5}.Release|x64.Build.0 = Release|Any CPU
		{CA0FD757-67B7-4857-8720-F91DBDFE51D5}.Release|x86.ActiveCfg = Release|Any CPU
		{CA0FD757-67B7-4857-8720-F91DBDFE51D5}.Release|x86.Build.0 = Release|Any CPU
		{0B5A328E-446A-4067-84E9-138594B6B565}.Debug|Any CPU.ActiveCfg = Debug|Any CPU
		{0B5A328E-446A-4067-84E9-138594B6B565}.Debug|Any CPU.Build.0 = Debug|Any CPU
		{0B5A328E-446A-4067-84E9-138594B6B565}.Debug|x64.ActiveCfg = Debug|Any CPU
		{0B5A328E-446A-4067-84E9-138594B6B565}.Debug|x64.Build.0 = Debug|Any CPU
		{0B5A328E-446A-4067-84E9-138594B6B565}.Debug|x86.ActiveCfg = Debug|Any CPU
		{0B5A328E-446A-4067-84E9-138594B6B565}.Debug|x86.Build.0 = Debug|Any CPU
		{0B5A328E-446A-4067-84E9-138594B6B565}.Release|Any CPU.ActiveCfg = Release|Any CPU
		{0B5A328E-446A-4067-84E9-138594B6B565}.Release|Any CPU.Build.0 = Release|Any CPU
		{0B5A328E-446A-4067-84E9-138594B6B565}.Release|x64.ActiveCfg = Release|Any CPU
		{0B5A328E-446A-4067-84E9-138594B6B565}.Release|x64.Build.0 = Release|Any CPU
		{0B5A328E-446A-4067-84E9-138594B6B565}.Release|x86.ActiveCfg = Release|Any CPU
		{0B5A328E-446A-4067-84E9-138594B6B565}.Release|x86.Build.0 = Release|Any CPU
		{FE21A940-DE87-4536-96BA-400E2FF6A495}.Debug|Any CPU.ActiveCfg = Debug|Any CPU
		{FE21A940-DE87-4536-96BA-400E2FF6A495}.Debug|Any CPU.Build.0 = Debug|Any CPU
		{FE21A940-DE87-4536-96BA-400E2FF6A495}.Debug|x64.ActiveCfg = Debug|Any CPU
		{FE21A940-DE87-4536-96BA-400E2FF6A495}.Debug|x64.Build.0 = Debug|Any CPU
		{FE21A940-DE87-4536-96BA-400E2FF6A495}.Debug|x86.ActiveCfg = Debug|Any CPU
		{FE21A940-DE87-4536-96BA-400E2FF6A495}.Debug|x86.Build.0 = Debug|Any CPU
		{FE21A940-DE87-4536-96BA-400E2FF6A495}.Release|Any CPU.ActiveCfg = Release|Any CPU
		{FE21A940-DE87-4536-96BA-400E2FF6A495}.Release|Any CPU.Build.0 = Release|Any CPU
		{FE21A940-DE87-4536-96BA-400E2FF6A495}.Release|x64.ActiveCfg = Release|Any CPU
		{FE21A940-DE87-4536-96BA-400E2FF6A495}.Release|x64.Build.0 = Release|Any CPU
		{FE21A940-DE87-4536-96BA-400E2FF6A495}.Release|x86.ActiveCfg = Release|Any CPU
		{FE21A940-DE87-4536-96BA-400E2FF6A495}.Release|x86.Build.0 = Release|Any CPU
	EndGlobalSection
EndGlobal
